
Microsoft Visual Studio Solution File, Format Version 12.00
# Visual Studio 15
VisualStudioVersion = 15.0.27428.2002
MinimumVisualStudioVersion = 10.0.40219.1
Project("{2150E333-8FDC-42A3-9474-1A3956D46DE8}") = "1 - Padrões de estruturas", "1 - Padrões de estruturas", "{21F9AAAA-2EDE-4271-AE14-A236B2C17AC2}"
EndProject
Project("{2150E333-8FDC-42A3-9474-1A3956D46DE8}") = "1.1 - AbstractFactory", "1.1 - AbstractFactory", "{2EE311C2-1B13-4678-8B25-2892C7595B84}"
EndProject
Project("{FAE04EC0-301F-11D3-BF4B-00C04F79EFBC}") = "AbstractFactory", "AbstractFactory\AbstractFactory.csproj", "{7C3605A2-16EA-47C5-8A03-0FE2271A9864}"
EndProject
Global
	GlobalSection(SolutionConfigurationPlatforms) = preSolution
		Debug|Any CPU = Debug|Any CPU
		Release|Any CPU = Release|Any CPU
	EndGlobalSection
	GlobalSection(ProjectConfigurationPlatforms) = postSolution
		{7C3605A2-16EA-47C5-8A03-0FE2271A9864}.Debug|Any CPU.ActiveCfg = Debug|Any CPU
		{7C3605A2-16EA-47C5-8A03-0FE2271A9864}.Debug|Any CPU.Build.0 = Debug|Any CPU
		{7C3605A2-16EA-47C5-8A03-0FE2271A9864}.Release|Any CPU.ActiveCfg = Release|Any CPU
		{7C3605A2-16EA-47C5-8A03-0FE2271A9864}.Release|Any CPU.Build.0 = Release|Any CPU
	EndGlobalSection
	GlobalSection(SolutionProperties) = preSolution
		HideSolutionNode = FALSE
	EndGlobalSection
	GlobalSection(NestedProjects) = preSolution
		{2EE311C2-1B13-4678-8B25-2892C7595B84} = {21F9AAAA-2EDE-4271-AE14-A236B2C17AC2}
		{7C3605A2-16EA-47C5-8A03-0FE2271A9864} = {2EE311C2-1B13-4678-8B25-2892C7595B84}
	EndGlobalSection
	GlobalSection(ExtensibilityGlobals) = postSolution
		SolutionGuid = {4B43C7A9-2575-46A8-84B4-7AAF7E6B5DD1}
	EndGlobalSection
EndGlobal
